
Microsoft Visual Studio Solution File, Format Version 12.00
# Visual Studio Version 17
VisualStudioVersion = 17.1.32210.238
MinimumVisualStudioVersion = 10.0.40219.1
Project("{2150E333-8FDC-42A3-9474-1A3956D46DE8}") = "src", "src", "{C00848F8-8F0A-4790-A4D4-3FECA1313D0B}"
EndProject
Project("{2150E333-8FDC-42A3-9474-1A3956D46DE8}") = "Core", "Core", "{1561FCAC-FEFC-4755-AFAB-800F5AE5711E}"
EndProject
Project("{2150E333-8FDC-42A3-9474-1A3956D46DE8}") = "Infraestructure", "Infraestructure", "{EC6B491E-64E1-4088-9640-EE9843456ACF}"
EndProject
Project("{2150E333-8FDC-42A3-9474-1A3956D46DE8}") = "Presentation", "Presentation", "{8DEFD421-A2A7-4002-B67C-FBDC71E0C7F1}"
EndProject
Project("{FAE04EC0-301F-11D3-BF4B-00C04F79EFBC}") = "Application", "Application\Application.csproj", "{E28D888A-275D-4B90-9993-E4A95E0AFE37}"
EndProject
Project("{FAE04EC0-301F-11D3-BF4B-00C04F79EFBC}") = "Domain", "Domain\Domain.csproj", "{5E312B38-3E2C-4CA0-B0A5-73393FD4377E}"
EndProject
Project("{FAE04EC0-301F-11D3-BF4B-00C04F79EFBC}") = "Persistence", "Persistence\Persistence.csproj", "{2A959812-E124-4ACF-A362-118FF0BF7F51}"
EndProject
Project("{FAE04EC0-301F-11D3-BF4B-00C04F79EFBC}") = "Shared", "Shared\Shared.csproj", "{74C3B086-2AAB-4B85-94F5-E4E1748AFE04}"
EndProject
Project("{FAE04EC0-301F-11D3-BF4B-00C04F79EFBC}") = "WebApi", "WebApi\WebApi.csproj", "{9F42235E-6FFC-493B-B4E7-9FAE93D41003}"
EndProject
Global
	GlobalSection(SolutionConfigurationPlatforms) = preSolution
		Debug|Any CPU = Debug|Any CPU
		Release|Any CPU = Release|Any CPU
	EndGlobalSection
	GlobalSection(ProjectConfigurationPlatforms) = postSolution
		{E28D888A-275D-4B90-9993-E4A95E0AFE37}.Debug|Any CPU.ActiveCfg = Debug|Any CPU
		{E28D888A-275D-4B90-9993-E4A95E0AFE37}.Debug|Any CPU.Build.0 = Debug|Any CPU
		{E28D888A-275D-4B90-9993-E4A95E0AFE37}.Release|Any CPU.ActiveCfg = Release|Any CPU
		{E28D888A-275D-4B90-9993-E4A95E0AFE37}.Release|Any CPU.Build.0 = Release|Any CPU
		{5E312B38-3E2C-4CA0-B0A5-73393FD4377E}.Debug|Any CPU.ActiveCfg = Debug|Any CPU
		{5E312B38-3E2C-4CA0-B0A5-73393FD4377E}.Debug|Any CPU.Build.0 = Debug|Any CPU
		{5E312B38-3E2C-4CA0-B0A5-73393FD4377E}.Release|Any CPU.ActiveCfg = Release|Any CPU
		{5E312B38-3E2C-4CA0-B0A5-73393FD4377E}.Release|Any CPU.Build.0 = Release|Any CPU
		{2A959812-E124-4ACF-A362-118FF0BF7F51}.Debug|Any CPU.ActiveCfg = Debug|Any CPU
		{2A959812-E124-4ACF-A362-118FF0BF7F51}.Debug|Any CPU.Build.0 = Debug|Any CPU
		{2A959812-E124-4ACF-A362-118FF0BF7F51}.Release|Any CPU.ActiveCfg = Release|Any CPU
		{2A959812-E124-4ACF-A362-118FF0BF7F51}.Release|Any CPU.Build.0 = Release|Any CPU
		{74C3B086-2AAB-4B85-94F5-E4E1748AFE04}.Debug|Any CPU.ActiveCfg = Debug|Any CPU
		{74C3B086-2AAB-4B85-94F5-E4E1748AFE04}.Debug|Any CPU.Build.0 = Debug|Any CPU
		{74C3B086-2AAB-4B85-94F5-E4E1748AFE04}.Release|Any CPU.ActiveCfg = Release|Any CPU
		{74C3B086-2AAB-4B85-94F5-E4E1748AFE04}.Release|Any CPU.Build.0 = Release|Any CPU
		{9F42235E-6FFC-493B-B4E7-9FAE93D41003}.Debug|Any CPU.ActiveCfg = Debug|Any CPU
		{9F42235E-6FFC-493B-B4E7-9FAE93D41003}.Debug|Any CPU.Build.0 = Debug|Any CPU
		{9F42235E-6FFC-493B-B4E7-9FAE93D41003}.Release|Any CPU.ActiveCfg = Release|Any CPU
		{9F42235E-6FFC-493B-B4E7-9FAE93D41003}.Release|Any CPU.Build.0 = Release|Any CPU
	EndGlobalSection
	GlobalSection(SolutionProperties) = preSolution
		HideSolutionNode = FALSE
	EndGlobalSection
	GlobalSection(NestedProjects) = preSolution
		{1561FCAC-FEFC-4755-AFAB-800F5AE5711E} = {C00848F8-8F0A-4790-A4D4-3FECA1313D0B}
		{EC6B491E-64E1-4088-9640-EE9843456ACF} = {C00848F8-8F0A-4790-A4D4-3FECA1313D0B}
		{8DEFD421-A2A7-4002-B67C-FBDC71E0C7F1} = {C00848F8-8F0A-4790-A4D4-3FECA1313D0B}
		{E28D888A-275D-4B90-9993-E4A95E0AFE37} = {1561FCAC-FEFC-4755-AFAB-800F5AE5711E}
		{5E312B38-3E2C-4CA0-B0A5-73393FD4377E} = {1561FCAC-FEFC-4755-AFAB-800F5AE5711E}
		{2A959812-E124-4ACF-A362-118FF0BF7F51} = {EC6B491E-64E1-4088-9640-EE9843456ACF}
		{74C3B086-2AAB-4B85-94F5-E4E1748AFE04} = {EC6B491E-64E1-4088-9640-EE9843456ACF}
		{9F42235E-6FFC-493B-B4E7-9FAE93D41003} = {8DEFD421-A2A7-4002-B67C-FBDC71E0C7F1}
	EndGlobalSection
	GlobalSection(ExtensibilityGlobals) = postSolution
		SolutionGuid = {C5F6E74F-673E-4B9C-8646-4B1B40D18F7D}
	EndGlobalSection
EndGlobal
